
Microsoft Visual Studio Solution File, Format Version 12.00
# Visual Studio Version 17
VisualStudioVersion = 17.11.35208.52
MinimumVisualStudioVersion = 10.0.40219.1
Project("{9A19103F-16F7-4668-BE54-9A1E7A4F7556}") = "AspNetCoreDemo.Web", "src\AspNetCoreDemo.Web\AspNetCoreDemo.Web.csproj", "{56000DFF-3130-4FEA-978F-FD32C660DCAA}"
EndProject
Project("{9A19103F-16F7-4668-BE54-9A1E7A4F7556}") = "AspNetCoreDemo.Repository", "src\AspNetCoreDemo.Repository\AspNetCoreDemo.Repository.csproj", "{3922C9F3-05CF-4899-98A6-376C96B3F827}"
EndProject
Project("{9A19103F-16F7-4668-BE54-9A1E7A4F7556}") = "AspNetCoreDemo.Service", "src\AspNetCoreDemo.Service\AspNetCoreDemo.Service.csproj", "{42FA5096-2AC2-4C2B-A092-66E190508FD5}"
EndProject
Project("{9A19103F-16F7-4668-BE54-9A1E7A4F7556}") = "AspNetCoreDemo.Common", "src\AspNetCoreDemo.Common\AspNetCoreDemo.Common.csproj", "{77FFDA84-D310-46B4-9A0D-024DEB3C3B55}"
EndProject
Project("{9A19103F-16F7-4668-BE54-9A1E7A4F7556}") = "AspNetCoreDemo.Model", "src\AspNetCoreDemo.Model\AspNetCoreDemo.Model.csproj", "{656878C5-2999-4D64-9697-220ACCA5D454}"
EndProject
Project("{2150E333-8FDC-42A3-9474-1A3956D46DE8}") = "Solution Items", "Solution Items", "{A437A5AF-47D6-4363-AF80-EA582E14C1E6}"
	ProjectSection(SolutionItems) = preProject
		.editorconfig = .editorconfig
	EndProjectSection
EndProject
Global
	GlobalSection(SolutionConfigurationPlatforms) = preSolution
		Debug|Any CPU = Debug|Any CPU
		Release|Any CPU = Release|Any CPU
	EndGlobalSection
	GlobalSection(ProjectConfigurationPlatforms) = postSolution
		{56000DFF-3130-4FEA-978F-FD32C660DCAA}.Debug|Any CPU.ActiveCfg = Debug|Any CPU
		{56000DFF-3130-4FEA-978F-FD32C660DCAA}.Debug|Any CPU.Build.0 = Debug|Any CPU
		{56000DFF-3130-4FEA-978F-FD32C660DCAA}.Release|Any CPU.ActiveCfg = Release|Any CPU
		{56000DFF-3130-4FEA-978F-FD32C660DCAA}.Release|Any CPU.Build.0 = Release|Any CPU
		{3922C9F3-05CF-4899-98A6-376C96B3F827}.Debug|Any CPU.ActiveCfg = Debug|Any CPU
		{3922C9F3-05CF-4899-98A6-376C96B3F827}.Debug|Any CPU.Build.0 = Debug|Any CPU
		{3922C9F3-05CF-4899-98A6-376C96B3F827}.Release|Any CPU.ActiveCfg = Release|Any CPU
		{3922C9F3-05CF-4899-98A6-376C96B3F827}.Release|Any CPU.Build.0 = Release|Any CPU
		{42FA5096-2AC2-4C2B-A092-66E190508FD5}.Debug|Any CPU.ActiveCfg = Debug|Any CPU
		{42FA5096-2AC2-4C2B-A092-66E190508FD5}.Debug|Any CPU.Build.0 = Debug|Any CPU
		{42FA5096-2AC2-4C2B-A092-66E190508FD5}.Release|Any CPU.ActiveCfg = Release|Any CPU
		{42FA5096-2AC2-4C2B-A092-66E190508FD5}.Release|Any CPU.Build.0 = Release|Any CPU
		{77FFDA84-D310-46B4-9A0D-024DEB3C3B55}.Debug|Any CPU.ActiveCfg = Debug|Any CPU
		{77FFDA84-D310-46B4-9A0D-024DEB3C3B55}.Debug|Any CPU.Build.0 = Debug|Any CPU
		{77FFDA84-D310-46B4-9A0D-024DEB3C3B55}.Release|Any CPU.ActiveCfg = Release|Any CPU
		{77FFDA84-D310-46B4-9A0D-024DEB3C3B55}.Release|Any CPU.Build.0 = Release|Any CPU
		{656878C5-2999-4D64-9697-220ACCA5D454}.Debug|Any CPU.ActiveCfg = Debug|Any CPU
		{656878C5-2999-4D64-9697-220ACCA5D454}.Debug|Any CPU.Build.0 = Debug|Any CPU
		{656878C5-2999-4D64-9697-220ACCA5D454}.Release|Any CPU.ActiveCfg = Release|Any CPU
		{656878C5-2999-4D64-9697-220ACCA5D454}.Release|Any CPU.Build.0 = Release|Any CPU
	EndGlobalSection
	GlobalSection(SolutionProperties) = preSolution
		HideSolutionNode = FALSE
	EndGlobalSection
	GlobalSection(ExtensibilityGlobals) = postSolution
		SolutionGuid = {2FED12DE-1E20-4A12-BB50-37F98AEEB1C0}
	EndGlobalSection
EndGlobal
